# This file is automatically @generated by Cargo.
# It is not intended for manual editing.
version = 3

[[package]]
name = "bitmatch"
version = "0.1.1"
source = "registry+https://github.com/rust-lang/crates.io-index"
checksum = "6a53e105d41966c9b4594b8e3b7cf8e81ae63cc83664880b049af8a11381a3ad"
dependencies = [
 "boolean_expression",
 "proc-macro2",
 "quote",
 "syn",
]

[[package]]
name = "boolean_expression"
version = "0.3.11"
source = "registry+https://github.com/rust-lang/crates.io-index"
checksum = "7c33ef624481a2d2252fd352266c050e83203343d0884622f7ba09782abbfa83"
dependencies = [
 "itertools",
 "smallvec",
]

[[package]]
name = "bytesize"
version = "1.1.0"
source = "registry+https://github.com/rust-lang/crates.io-index"
checksum = "6c58ec36aac5066d5ca17df51b3e70279f5670a72102f5752cb7e7c856adfc70"
dependencies = [
 "serde",
]

[[package]]
name = "either"
version = "1.6.1"
source = "registry+https://github.com/rust-lang/crates.io-index"
checksum = "e78d4f1cc4ae33bbfc157ed5d5a5ef3bc29227303d595861deb238fcec4e9457"

[[package]]
name = "itertools"
version = "0.9.0"
source = "registry+https://github.com/rust-lang/crates.io-index"
checksum = "284f18f85651fe11e8a991b2adb42cb078325c996ed026d994719efcfca1d54b"
dependencies = [
 "either",
]

[[package]]
name = "modular-bitfield"
version = "0.11.2"
source = "registry+https://github.com/rust-lang/crates.io-index"
checksum = "a53d79ba8304ac1c4f9eb3b9d281f21f7be9d4626f72ce7df4ad8fbde4f38a74"
dependencies = [
 "modular-bitfield-impl",
 "static_assertions",
]

[[package]]
name = "modular-bitfield-impl"
version = "0.11.2"
source = "registry+https://github.com/rust-lang/crates.io-index"
checksum = "5a7d5f7076603ebc68de2dc6a650ec331a062a13abaa346975be747bbfa4b789"
dependencies = [
 "proc-macro2",
 "quote",
 "syn",
]

[[package]]
name = "once_cell"
version = "1.10.0"
source = "registry+https://github.com/rust-lang/crates.io-index"
checksum = "87f3e037eac156d1775da914196f0f37741a274155e34a0b7e427c35d2a2ecb9"

[[package]]
name = "proc-macro2"
version = "1.0.36"
source = "registry+https://github.com/rust-lang/crates.io-index"
checksum = "c7342d5883fbccae1cc37a2353b09c87c9b0f3afd73f5fb9bba687a1f733b029"
dependencies = [
 "unicode-xid",
]

[[package]]
name = "quote"
version = "1.0.15"
source = "registry+https://github.com/rust-lang/crates.io-index"
checksum = "864d3e96a899863136fc6e99f3d7cae289dafe43bf2c5ac19b70df7210c0a145"
dependencies = [
 "proc-macro2",
]

[[package]]
name = "serde"
version = "1.0.136"
source = "registry+https://github.com/rust-lang/crates.io-index"
checksum = "ce31e24b01e1e524df96f1c2fdd054405f8d7376249a5110886fb4b658484789"
dependencies = [
 "serde_derive",
]

[[package]]
name = "serde_derive"
version = "1.0.136"
source = "registry+https://github.com/rust-lang/crates.io-index"
checksum = "08597e7152fcd306f41838ed3e37be9eaeed2b61c42e2117266a554fab4662f9"
dependencies = [
 "proc-macro2",
 "quote",
 "syn",
]

[[package]]
name = "smallvec"
version = "1.8.0"
source = "registry+https://github.com/rust-lang/crates.io-index"
checksum = "f2dd574626839106c320a323308629dcb1acfc96e32a8cba364ddc61ac23ee83"

[[package]]
name = "static_assertions"
version = "1.1.0"
source = "registry+https://github.com/rust-lang/crates.io-index"
checksum = "a2eb9349b6444b326872e140eb1cf5e7c522154d69e7a0ffb0fb81c06b37543f"

[[package]]
name = "syn"
version = "1.0.86"
source = "registry+https://github.com/rust-lang/crates.io-index"
checksum = "8a65b3f4ffa0092e9887669db0eae07941f023991ab58ea44da8fe8e2d511c6b"
dependencies = [
 "proc-macro2",
 "quote",
 "unicode-xid",
]

[[package]]
name = "toysnes"
version = "0.1.0"
dependencies = [
 "bitmatch",
 "bytesize",
 "modular-bitfield",
 "once_cell",
]

[[package]]
name = "unicode-xid"
version = "0.2.2"
source = "registry+https://github.com/rust-lang/crates.io-index"
checksum = "8ccb82d61f80a663efe1f787a51b16b5a51e3314d6ac365b08639f52387b33f3"
